// !$*UTF8*$!
{
	archiveVersion = 1;
	classes = {
	};
	objectVersion = 50;
	objects = {

/* Begin PBXBuildFile section */
		3089F8E92230292F000C8D43 /* AppDelegate.swift in Sources */ = {isa = PBXBuildFile; fileRef = 3089F8E82230292F000C8D43 /* AppDelegate.swift */; };
		3089F8EE2230292F000C8D43 /* Main.storyboard in Resources */ = {isa = PBXBuildFile; fileRef = 3089F8EC2230292F000C8D43 /* Main.storyboard */; };
		3089F8F12230292F000C8D43 /* IaidoTracker.xcdatamodeld in Sources */ = {isa = PBXBuildFile; fileRef = 3089F8EF2230292F000C8D43 /* IaidoTracker.xcdatamodeld */; };
		3089F8F322302931000C8D43 /* Assets.xcassets in Resources */ = {isa = PBXBuildFile; fileRef = 3089F8F222302931000C8D43 /* Assets.xcassets */; };
		3089F8F622302931000C8D43 /* LaunchScreen.storyboard in Resources */ = {isa = PBXBuildFile; fileRef = 3089F8F422302931000C8D43 /* LaunchScreen.storyboard */; };
		3089F8FE2230298A000C8D43 /* TableViewController.swift in Sources */ = {isa = PBXBuildFile; fileRef = 3089F8FD2230298A000C8D43 /* TableViewController.swift */; };
		3089F900223033D6000C8D43 /* KataTableViewCell.swift in Sources */ = {isa = PBXBuildFile; fileRef = 3089F8FF223033D6000C8D43 /* KataTableViewCell.swift */; };
		3089F90222303EC7000C8D43 /* Katas.swift in Sources */ = {isa = PBXBuildFile; fileRef = 3089F90122303EC7000C8D43 /* Katas.swift */; };
		3089F90422306BF2000C8D43 /* TallyNumberFormater.swift in Sources */ = {isa = PBXBuildFile; fileRef = 3089F90322306BF2000C8D43 /* TallyNumberFormater.swift */; };
		3089F90622306F38000C8D43 /* TallyMarks-Regular.otf in Resources */ = {isa = PBXBuildFile; fileRef = 3089F90522306F38000C8D43 /* TallyMarks-Regular.otf */; };
		3089F90822307108000C8D43 /* tally-marks.ttf in Resources */ = {isa = PBXBuildFile; fileRef = 3089F90722307108000C8D43 /* tally-marks.ttf */; };
/* End PBXBuildFile section */

/* Begin PBXFileReference section */
		3089F8E52230292F000C8D43 /* IaidoTracker.app */ = {isa = PBXFileReference; explicitFileType = wrapper.application; includeInIndex = 0; path = IaidoTracker.app; sourceTree = BUILT_PRODUCTS_DIR; };
		3089F8E82230292F000C8D43 /* AppDelegate.swift */ = {isa = PBXFileReference; lastKnownFileType = sourcecode.swift; path = AppDelegate.swift; sourceTree = "<group>"; };
		3089F8ED2230292F000C8D43 /* Base */ = {isa = PBXFileReference; lastKnownFileType = file.storyboard; name = Base; path = Base.lproj/Main.storyboard; sourceTree = "<group>"; };
		3089F8F02230292F000C8D43 /* IaidoTracker.xcdatamodel */ = {isa = PBXFileReference; lastKnownFileType = wrapper.xcdatamodel; path = IaidoTracker.xcdatamodel; sourceTree = "<group>"; };
		3089F8F222302931000C8D43 /* Assets.xcassets */ = {isa = PBXFileReference; lastKnownFileType = folder.assetcatalog; path = Assets.xcassets; sourceTree = "<group>"; };
		3089F8F522302931000C8D43 /* Base */ = {isa = PBXFileReference; lastKnownFileType = file.storyboard; name = Base; path = Base.lproj/LaunchScreen.storyboard; sourceTree = "<group>"; };
		3089F8F722302931000C8D43 /* Info.plist */ = {isa = PBXFileReference; lastKnownFileType = text.plist.xml; path = Info.plist; sourceTree = "<group>"; };
		3089F8FD2230298A000C8D43 /* TableViewController.swift */ = {isa = PBXFileReference; lastKnownFileType = sourcecode.swift; path = TableViewController.swift; sourceTree = "<group>"; };
		3089F8FF223033D6000C8D43 /* KataTableViewCell.swift */ = {isa = PBXFileReference; lastKnownFileType = sourcecode.swift; path = KataTableViewCell.swift; sourceTree = "<group>"; };
		3089F90122303EC7000C8D43 /* Katas.swift */ = {isa = PBXFileReference; lastKnownFileType = sourcecode.swift; path = Katas.swift; sourceTree = "<group>"; };
		3089F90322306BF2000C8D43 /* TallyNumberFormater.swift */ = {isa = PBXFileReference; lastKnownFileType = sourcecode.swift; path = TallyNumberFormater.swift; sourceTree = "<group>"; };
		3089F90522306F38000C8D43 /* TallyMarks-Regular.otf */ = {isa = PBXFileReference; lastKnownFileType = file; name = "TallyMarks-Regular.otf"; path = "../../../Downloads/TallyMarks-Regular.otf"; sourceTree = "<group>"; };
		3089F90722307108000C8D43 /* tally-marks.ttf */ = {isa = PBXFileReference; lastKnownFileType = file; name = "tally-marks.ttf"; path = "../../../Downloads/tally-marks.ttf"; sourceTree = "<group>"; };
		30D349CD223136C40037F656 /* en */ = {isa = PBXFileReference; lastKnownFileType = text.plist.strings; name = en; path = en.lproj/Main.strings; sourceTree = "<group>"; };
/* End PBXFileReference section */

/* Begin PBXFrameworksBuildPhase section */
		3089F8E22230292F000C8D43 /* Frameworks */ = {
			isa = PBXFrameworksBuildPhase;
			buildActionMask = 2147483647;
			files = (
			);
			runOnlyForDeploymentPostprocessing = 0;
		};
/* End PBXFrameworksBuildPhase section */

/* Begin PBXGroup section */
		3089F8DC2230292F000C8D43 = {
			isa = PBXGroup;
			children = (
				3089F8E72230292F000C8D43 /* IaidoTracker */,
				3089F8E62230292F000C8D43 /* Products */,
			);
			sourceTree = "<group>";
		};
		3089F8E62230292F000C8D43 /* Products */ = {
			isa = PBXGroup;
			children = (
				3089F8E52230292F000C8D43 /* IaidoTracker.app */,
			);
			name = Products;
			sourceTree = "<group>";
		};
		3089F8E72230292F000C8D43 /* IaidoTracker */ = {
			isa = PBXGroup;
			children = (
				3089F8E82230292F000C8D43 /* AppDelegate.swift */,
				3089F90322306BF2000C8D43 /* TallyNumberFormater.swift */,
				3089F90122303EC7000C8D43 /* Katas.swift */,
				3089F8FD2230298A000C8D43 /* TableViewController.swift */,
				3089F8FF223033D6000C8D43 /* KataTableViewCell.swift */,
				3089F8EC2230292F000C8D43 /* Main.storyboard */,
				3089F8F222302931000C8D43 /* Assets.xcassets */,
				3089F8F422302931000C8D43 /* LaunchScreen.storyboard */,
				3089F90522306F38000C8D43 /* TallyMarks-Regular.otf */,
				3089F90722307108000C8D43 /* tally-marks.ttf */,
				3089F8F722302931000C8D43 /* Info.plist */,
				3089F8EF2230292F000C8D43 /* IaidoTracker.xcdatamodeld */,
			);
			path = IaidoTracker;
			sourceTree = "<group>";
		};
/* End PBXGroup section */

/* Begin PBXNativeTarget section */
		3089F8E42230292F000C8D43 /* IaidoTracker */ = {
			isa = PBXNativeTarget;
			buildConfigurationList = 3089F8FA22302931000C8D43 /* Build configuration list for PBXNativeTarget "IaidoTracker" */;
			buildPhases = (
				3089F8E12230292F000C8D43 /* Sources */,
				3089F8E22230292F000C8D43 /* Frameworks */,
				3089F8E32230292F000C8D43 /* Resources */,
			);
			buildRules = (
			);
			dependencies = (
			);
			name = IaidoTracker;
			productName = IaidoTracker;
			productReference = 3089F8E52230292F000C8D43 /* IaidoTracker.app */;
			productType = "com.apple.product-type.application";
		};
/* End PBXNativeTarget section */

/* Begin PBXProject section */
		3089F8DD2230292F000C8D43 /* Project object */ = {
			isa = PBXProject;
			attributes = {
				LastSwiftUpdateCheck = 1010;
				LastUpgradeCheck = 1010;
				ORGANIZATIONNAME = "Martin Pittenauer";
				TargetAttributes = {
					3089F8E42230292F000C8D43 = {
						CreatedOnToolsVersion = 10.1;
						LastSwiftMigration = 1020;
					};
				};
			};
			buildConfigurationList = 3089F8E02230292F000C8D43 /* Build configuration list for PBXProject "IaidoTracker" */;
			compatibilityVersion = "Xcode 9.3";
			developmentRegion = en;
			hasScannedForEncodings = 0;
			knownRegions = (
				en,
				Base,
			);
			mainGroup = 3089F8DC2230292F000C8D43;
			productRefGroup = 3089F8E62230292F000C8D43 /* Products */;
			projectDirPath = "";
			projectRoot = "";
			targets = (
				3089F8E42230292F000C8D43 /* IaidoTracker */,
			);
		};
/* End PBXProject section */

/* Begin PBXResourcesBuildPhase section */
		3089F8E32230292F000C8D43 /* Resources */ = {
			isa = PBXResourcesBuildPhase;
			buildActionMask = 2147483647;
			files = (
				3089F90622306F38000C8D43 /* TallyMarks-Regular.otf in Resources */,
				3089F8F622302931000C8D43 /* LaunchScreen.storyboard in Resources */,
				3089F8F322302931000C8D43 /* Assets.xcassets in Resources */,
				3089F90822307108000C8D43 /* tally-marks.ttf in Resources */,
				3089F8EE2230292F000C8D43 /* Main.storyboard in Resources */,
			);
			runOnlyForDeploymentPostprocessing = 0;
		};
/* End PBXResourcesBuildPhase section */

/* Begin PBXSourcesBuildPhase section */
		3089F8E12230292F000C8D43 /* Sources */ = {
			isa = PBXSourcesBuildPhase;
			buildActionMask = 2147483647;
			files = (
				3089F8F12230292F000C8D43 /* IaidoTracker.xcdatamodeld in Sources */,
				3089F8FE2230298A000C8D43 /* TableViewController.swift in Sources */,
				3089F900223033D6000C8D43 /* KataTableViewCell.swift in Sources */,
				3089F90422306BF2000C8D43 /* TallyNumberFormater.swift in Sources */,
				3089F8E92230292F000C8D43 /* AppDelegate.swift in Sources */,
				3089F90222303EC7000C8D43 /* Katas.swift in Sources */,
			);
			runOnlyForDeploymentPostprocessing = 0;
		};
/* End PBXSourcesBuildPhase section */

/* Begin PBXVariantGroup section */
		3089F8EC2230292F000C8D43 /* Main.storyboard */ = {
			isa = PBXVariantGroup;
			children = (
				3089F8ED2230292F000C8D43 /* Base */,
				30D349CD223136C40037F656 /* en */,
			);
			name = Main.storyboard;
			sourceTree = "<group>";
		};
		3089F8F422302931000C8D43 /* LaunchScreen.storyboard */ = {
			isa = PBXVariantGroup;
			children = (
				3089F8F522302931000C8D43 /* Base */,
			);
			name = LaunchScreen.storyboard;
			sourceTree = "<group>";
		};
/* End PBXVariantGroup section */

/* Begin XCBuildConfiguration section */
		3089F8F822302931000C8D43 /* Debug */ = {
			isa = XCBuildConfiguration;
			buildSettings = {
				ALWAYS_SEARCH_USER_PATHS = NO;
				CLANG_ANALYZER_NONNULL = YES;
				CLANG_ANALYZER_NUMBER_OBJECT_CONVERSION = YES_AGGRESSIVE;
				CLANG_CXX_LANGUAGE_STANDARD = "gnu++14";
				CLANG_CXX_LIBRARY = "libc++";
				CLANG_ENABLE_MODULES = YES;
				CLANG_ENABLE_OBJC_ARC = YES;
				CLANG_ENABLE_OBJC_WEAK = YES;
				CLANG_WARN_BLOCK_CAPTURE_AUTORELEASING = YES;
				CLANG_WARN_BOOL_CONVERSION = YES;
				CLANG_WARN_COMMA = YES;
				CLANG_WARN_CONSTANT_CONVERSION = YES;
				CLANG_WARN_DEPRECATED_OBJC_IMPLEMENTATIONS = YES;
				CLANG_WARN_DIRECT_OBJC_ISA_USAGE = YES_ERROR;
				CLANG_WARN_DOCUMENTATION_COMMENTS = YES;
				CLANG_WARN_EMPTY_BODY = YES;
				CLANG_WARN_ENUM_CONVERSION = YES;
				CLANG_WARN_INFINITE_RECURSION = YES;
				CLANG_WARN_INT_CONVERSION = YES;
				CLANG_WARN_NON_LITERAL_NULL_CONVERSION = YES;
				CLANG_WARN_OBJC_IMPLICIT_RETAIN_SELF = YES;
				CLANG_WARN_OBJC_LITERAL_CONVERSION = YES;
				CLANG_WARN_OBJC_ROOT_CLASS = YES_ERROR;
				CLANG_WARN_RANGE_LOOP_ANALYSIS = YES;
				CLANG_WARN_STRICT_PROTOTYPES = YES;
				CLANG_WARN_SUSPICIOUS_MOVE = YES;
				CLANG_WARN_UNGUARDED_AVAILABILITY = YES_AGGRESSIVE;
				CLANG_WARN_UNREACHABLE_CODE = YES;
				CLANG_WARN__DUPLICATE_METHOD_MATCH = YES;
				CODE_SIGN_IDENTITY = "iPhone Developer";
				COPY_PHASE_STRIP = NO;
				DEBUG_INFORMATION_FORMAT = dwarf;
				ENABLE_STRICT_OBJC_MSGSEND = YES;
				ENABLE_TESTABILITY = YES;
				GCC_C_LANGUAGE_STANDARD = gnu11;
				GCC_DYNAMIC_NO_PIC = NO;
				GCC_NO_COMMON_BLOCKS = YES;
				GCC_OPTIMIZATION_LEVEL = 0;
				GCC_PREPROCESSOR_DEFINITIONS = (
					"DEBUG=1",
					"$(inherited)",
				);
				GCC_WARN_64_TO_32_BIT_CONVERSION = YES;
				GCC_WARN_ABOUT_RETURN_TYPE = YES_ERROR;
				GCC_WARN_UNDECLARED_SELECTOR = YES;
				GCC_WARN_UNINITIALIZED_AUTOS = YES_AGGRESSIVE;
				GCC_WARN_UNUSED_FUNCTION = YES;
				GCC_WARN_UNUSED_VARIABLE = YES;
				IPHONEOS_DEPLOYMENT_TARGET = 12.1;
				MTL_ENABLE_DEBUG_INFO = INCLUDE_SOURCE;
				MTL_FAST_MATH = YES;
				ONLY_ACTIVE_ARCH = YES;
				SDKROOT = iphoneos;
				SWIFT_ACTIVE_COMPILATION_CONDITIONS = DEBUG;
				SWIFT_OPTIMIZATION_LEVEL = "-Onone";
			};
			name = Debug;
		};
		3089F8F922302931000C8D43 /* Release */ = {
			isa = XCBuildConfiguration;
			buildSettings = {
				ALWAYS_SEARCH_USER_PATHS = NO;
				CLANG_ANALYZER_NONNULL = YES;
				CLANG_ANALYZER_NUMBER_OBJECT_CONVERSION = YES_AGGRESSIVE;
				CLANG_CXX_LANGUAGE_STANDARD = "gnu++14";
				CLANG_CXX_LIBRARY = "libc++";
				CLANG_ENABLE_MODULES = YES;
				CLANG_ENABLE_OBJC_ARC = YES;
				CLANG_ENABLE_OBJC_WEAK = YES;
				CLANG_WARN_BLOCK_CAPTURE_AUTORELEASING = YES;
				CLANG_WARN_BOOL_CONVERSION = YES;
				CLANG_WARN_COMMA = YES;
				CLANG_WARN_CONSTANT_CONVERSION = YES;
				CLANG_WARN_DEPRECATED_OBJC_IMPLEMENTATIONS = YES;
				CLANG_WARN_DIRECT_OBJC_ISA_USAGE = YES_ERROR;
				CLANG_WARN_DOCUMENTATION_COMMENTS = YES;
				CLANG_WARN_EMPTY_BODY = YES;
				CLANG_WARN_ENUM_CONVERSION = YES;
				CLANG_WARN_INFINITE_RECURSION = YES;
				CLANG_WARN_INT_CONVERSION = YES;
				CLANG_WARN_NON_LITERAL_NULL_CONVERSION = YES;
				CLANG_WARN_OBJC_IMPLICIT_RETAIN_SELF = YES;
				CLANG_WARN_OBJC_LITERAL_CONVERSION = YES;
				CLANG_WARN_OBJC_ROOT_CLASS = YES_ERROR;
				CLANG_WARN_RANGE_LOOP_ANALYSIS = YES;
				CLANG_WARN_STRICT_PROTOTYPES = YES;
				CLANG_WARN_SUSPICIOUS_MOVE = YES;
				CLANG_WARN_UNGUARDED_AVAILABILITY = YES_AGGRESSIVE;
				CLANG_WARN_UNREACHABLE_CODE = YES;
				CLANG_WARN__DUPLICATE_METHOD_MATCH = YES;
				CODE_SIGN_IDENTITY = "iPhone Developer";
				COPY_PHASE_STRIP = NO;
				DEBUG_INFORMATION_FORMAT = "dwarf-with-dsym";
				ENABLE_NS_ASSERTIONS = NO;
				ENABLE_STRICT_OBJC_MSGSEND = YES;
				GCC_C_LANGUAGE_STANDARD = gnu11;
				GCC_NO_COMMON_BLOCKS = YES;
				GCC_WARN_64_TO_32_BIT_CONVERSION = YES;
				GCC_WARN_ABOUT_RETURN_TYPE = YES_ERROR;
				GCC_WARN_UNDECLARED_SELECTOR = YES;
				GCC_WARN_UNINITIALIZED_AUTOS = YES_AGGRESSIVE;
				GCC_WARN_UNUSED_FUNCTION = YES;
				GCC_WARN_UNUSED_VARIABLE = YES;
				IPHONEOS_DEPLOYMENT_TARGET = 12.1;
				MTL_ENABLE_DEBUG_INFO = NO;
				MTL_FAST_MATH = YES;
				SDKROOT = iphoneos;
				SWIFT_COMPILATION_MODE = wholemodule;
				SWIFT_OPTIMIZATION_LEVEL = "-O";
				VALIDATE_PRODUCT = YES;
			};
			name = Release;
		};
		3089F8FB22302931000C8D43 /* Debug */ = {
			isa = XCBuildConfiguration;
			buildSettings = {
				ASSETCATALOG_COMPILER_APPICON_NAME = AppIcon;
				CODE_SIGN_STYLE = Automatic;
				DEVELOPMENT_TEAM = KNQNV2YMZL;
				INFOPLIST_FILE = IaidoTracker/Info.plist;
				LD_RUNPATH_SEARCH_PATHS = (
					"$(inherited)",
					"@executable_path/Frameworks",
				);
				PRODUCT_BUNDLE_IDENTIFIER = de.codingmonkeys.map.IaidoTracker;
				PRODUCT_NAME = "$(TARGET_NAME)";
				SWIFT_VERSION = 5.0;
				TARGETED_DEVICE_FAMILY = "1,2";
			};
			name = Debug;
		};
		3089F8FC22302931000C8D43 /* Release */ = {
			isa = XCBuildConfiguration;
			buildSettings = {
				ASSETCATALOG_COMPILER_APPICON_NAME = AppIcon;
				CODE_SIGN_STYLE = Automatic;
				DEVELOPMENT_TEAM = KNQNV2YMZL;
				INFOPLIST_FILE = IaidoTracker/Info.plist;
				LD_RUNPATH_SEARCH_PATHS = (
					"$(inherited)",
					"@executable_path/Frameworks",
				);
				PRODUCT_BUNDLE_IDENTIFIER = de.codingmonkeys.map.IaidoTracker;
				PRODUCT_NAME = "$(TARGET_NAME)";
				SWIFT_VERSION = 5.0;
				TARGETED_DEVICE_FAMILY = "1,2";
			};
			name = Release;
		};
/* End XCBuildConfiguration section */

/* Begin XCConfigurationList section */
		3089F8E02230292F000C8D43 /* Build configuration list for PBXProject "IaidoTracker" */ = {
			isa = XCConfigurationList;
			buildConfigurations = (
				3089F8F822302931000C8D43 /* Debug */,
				3089F8F922302931000C8D43 /* Release */,
			);
			defaultConfigurationIsVisible = 0;
			defaultConfigurationName = Release;
		};
		3089F8FA22302931000C8D43 /* Build configuration list for PBXNativeTarget "IaidoTracker" */ = {
			isa = XCConfigurationList;
			buildConfigurations = (
				3089F8FB22302931000C8D43 /* Debug */,
				3089F8FC22302931000C8D43 /* Release */,
			);
			defaultConfigurationIsVisible = 0;
			defaultConfigurationName = Release;
		};
/* End XCConfigurationList section */

/* Begin XCVersionGroup section */
		3089F8EF2230292F000C8D43 /* IaidoTracker.xcdatamodeld */ = {
			isa = XCVersionGroup;
			children = (
				3089F8F02230292F000C8D43 /* IaidoTracker.xcdatamodel */,
			);
			currentVersion = 3089F8F02230292F000C8D43 /* IaidoTracker.xcdatamodel */;
			path = IaidoTracker.xcdatamodeld;
			sourceTree = "<group>";
			versionGroupType = wrapper.xcdatamodel;
		};
/* End XCVersionGroup section */
	};
	rootObject = 3089F8DD2230292F000C8D43 /* Project object */;
}
